{
  "name": "node",
  "lockfileVersion": 3,
  "requires": true,
  "packages": {
    "": {
      "name": "node",
      "dependencies": {
        "@wbe/debug": "latest"
      }
    },
    "node_modules/@wbe/debug": {
      "version": "3.0.0",
      "resolved": "https://registry.npmjs.org/@wbe/debug/-/debug-3.0.0.tgz",
      "integrity": "sha512-DvkzkbfIVzWDj+Mmkt0CTQ2yvvAg04gZfiU8L3GMcKbsMgw7jNT06cjv1y8lurdmBt5aPd7N4gclf6FpC7UsCw==",
      "license": "MIT"
    }
  }
}
