{
  "name": "node",
  "lockfileVersion": 3,
  "requires": true,
  "packages": {
    "": {
      "name": "node",
      "dependencies": {
        "@localnerve/debug": "latest"
      }
    },
    "node_modules/@localnerve/debug": {
      "version": "1.0.10",
      "resolved": "https://registry.npmjs.org/@localnerve/debug/-/debug-1.0.10.tgz",
      "integrity": "sha512-/ZmDemh/+DTmR5slBgpIKa+RyYFt5HTk93PvUw5+2yYmfhw0NAkk0U/QXz7FH5qJlNJB2Od9WKeiFdKkrftIhA==",
      "license": "MIT"
    }
  }
}
